# This file is automatically @generated by Cargo.
# It is not intended for manual editing.
version = 4

[[package]]
name = "allocator-api2"
version = "0.2.21"
source = "registry+https://github.com/rust-lang/crates.io-index"
checksum = "683d7910e743518b0e34f1186f92494becacb047c7b6bf616c96772180fef923"

[[package]]
name = "anonymous-mmap"
version = "0.1.0"
dependencies = [
 "libc",
]

[[package]]
name = "bitflags"
version = "2.10.0"
source = "registry+https://github.com/rust-lang/crates.io-index"
checksum = "812e12b5285cc515a9c72a5c1d3b6d46a19dac5acfef5265968c166106e31dd3"

[[package]]
name = "capacity"
version = "0.1.2"
source = "registry+https://github.com/rust-lang/crates.io-index"
checksum = "a937871bdde7e8bdde7eb5029a96b425b19eaedb32b119d9a677436117ebb144"

[[package]]
name = "cfg-if"
version = "1.0.4"
source = "registry+https://github.com/rust-lang/crates.io-index"
checksum = "9330f8b2ff13f34540b44e946ef35111825727b38d33286ef986142615121801"

[[package]]
name = "equivalent"
version = "1.0.2"
source = "registry+https://github.com/rust-lang/crates.io-index"
checksum = "877a4ace8713b0bcf2a4e7eec82529c029f1d0619886d18145fea96c3ffe5c0f"

[[package]]
name = "foldhash"
version = "0.1.5"
source = "registry+https://github.com/rust-lang/crates.io-index"
checksum = "d9c4f5dac5e15c24eb999c26181a6ca40b39fe946cbe4c263c7209467bc83af2"

[[package]]
name = "hashbrown"
version = "0.15.5"
source = "registry+https://github.com/rust-lang/crates.io-index"
checksum = "9229cfe53dfd69f0609a49f65461bd93001ea1ef889cd5529dd176593f5338a1"
dependencies = [
 "allocator-api2",
 "equivalent",
 "foldhash",
]

[[package]]
name = "io-uring"
version = "0.7.10"
source = "registry+https://github.com/rust-lang/crates.io-index"
checksum = "046fa2d4d00aea763528b4950358d0ead425372445dc8ff86312b3c69ff7727b"
dependencies = [
 "bitflags",
 "cfg-if",
 "libc",
]

[[package]]
name = "io-uring-bearer"
version = "0.2.0-pre3"
dependencies = [
 "capacity",
 "hashbrown",
 "io-uring",
 "io-uring-fd",
 "io-uring-opcode",
 "io-uring-owner",
 "libc",
 "nohash-hasher",
 "slab",
 "slabbable",
 "slabbable-impl-selector",
]

[[package]]
name = "io-uring-bufring"
version = "0.1.0"
dependencies = [
 "anonymous-mmap",
 "capacity",
 "io-uring",
 "io-uring-bearer",
 "io-uring-opcode",
 "io-uring-opcode-sets",
 "libc",
 "ysockaddr",
]

[[package]]
name = "io-uring-epoll"
version = "0.2.0-pre1"
dependencies = [
 "capacity",
 "io-uring",
 "io-uring-bearer",
 "io-uring-fd",
 "io-uring-opcode",
 "io-uring-owner",
 "libc",
]

[[package]]
name = "io-uring-fd"
version = "0.2.0-pre1"

[[package]]
name = "io-uring-op-accept-multi"
version = "0.0.1"
dependencies = [
 "capacity",
 "io-uring",
 "io-uring-bearer",
 "io-uring-fd",
 "io-uring-opcode",
 "io-uring-owner",
 "libc",
 "ysockaddr",
]

[[package]]
name = "io-uring-op-connect"
version = "0.0.1"
dependencies = [
 "capacity",
 "io-uring",
 "io-uring-bearer",
 "io-uring-fd",
 "io-uring-opcode",
 "io-uring-owner",
 "libc",
 "ysockaddr",
]

[[package]]
name = "io-uring-op-socket"
version = "0.0.1"
dependencies = [
 "capacity",
 "io-uring",
 "io-uring-bearer",
 "io-uring-fd",
 "io-uring-opcode",
 "io-uring-owner",
 "libc",
 "ysockaddr",
]

[[package]]
name = "io-uring-opcode"
version = "0.2.0-pre3"
dependencies = [
 "io-uring",
 "io-uring-owner",
 "libc",
 "ysockaddr",
]

[[package]]
name = "io-uring-opcode-sets"
version = "0.0.1-whatever0"
dependencies = [
 "io-uring",
 "io-uring-op-connect",
 "io-uring-op-socket",
 "io-uring-opcode",
 "io-uring-owner",
]

[[package]]
name = "io-uring-owner"
version = "0.2.0-pre1"

[[package]]
name = "libc"
version = "0.2.177"
source = "registry+https://github.com/rust-lang/crates.io-index"
checksum = "2874a2af47a2325c2001a6e6fad9b16a53b802102b528163885171cf92b15976"

[[package]]
name = "no-std-compat"
version = "0.2.0"
source = "registry+https://github.com/rust-lang/crates.io-index"
checksum = "df270209a7f04d62459240d890ecb792714d5db12c92937823574a09930276b4"

[[package]]
name = "nohash-hasher"
version = "0.2.0"
source = "registry+https://github.com/rust-lang/crates.io-index"
checksum = "2bf50223579dc7cdcfb3bfcacf7069ff68243f8c363f62ffa99cf000a6b9c451"

[[package]]
name = "slab"
version = "0.4.11"
source = "registry+https://github.com/rust-lang/crates.io-index"
checksum = "7a2ae44ef20feb57a68b23d846850f861394c2e02dc425a50098ae8c90267589"

[[package]]
name = "slabbable"
version = "0.1.0"

[[package]]
name = "slabbable-hash"
version = "0.1.0"
dependencies = [
 "hashbrown",
 "nohash-hasher",
 "slabbable",
]

[[package]]
name = "slabbable-impl-selector"
version = "0.1.0"
dependencies = [
 "cfg-if",
 "slabbable-hash",
 "slabbable-slab",
 "slabbable-stablevec",
]

[[package]]
name = "slabbable-slab"
version = "0.1.0"
dependencies = [
 "slab",
 "slabbable",
]

[[package]]
name = "slabbable-stablevec"
version = "0.1.0"
dependencies = [
 "slabbable",
 "stable-vec",
]

[[package]]
name = "stable-vec"
version = "0.4.1"
source = "registry+https://github.com/rust-lang/crates.io-index"
checksum = "d1dff32a2ce087283bec878419027cebd888760d8760b2941ad0843531dc9ec8"
dependencies = [
 "no-std-compat",
]

[[package]]
name = "ysockaddr"
version = "0.2.0"
source = "registry+https://github.com/rust-lang/crates.io-index"
checksum = "b87904a3c72b3ab98375fb4bb5057819c66db2d081f2aa30b36a81e982f10253"
dependencies = [
 "libc",
]
